
Microsoft Visual Studio Solution File, Format Version 12.00
# Visual Studio Version 16
VisualStudioVersion = 16.0.29509.3
MinimumVisualStudioVersion = 10.0.40219.1
Project("{FAE04EC0-301F-11D3-BF4B-00C04F79EFBC}") = "WPF", "WPF\WPF.csproj", "{095A018B-BDC4-4366-94C6-F8DF87A11F5A}"
EndProject
Project("{9A19103F-16F7-4668-BE54-9A1E7A4F7556}") = "CashRegister.Shared", "..\CashRegister.Shared\CashRegister.Shared.csproj", "{9FF91A66-92C5-4215-9407-177C3D07CD0C}"
EndProject
Project("{9A19103F-16F7-4668-BE54-9A1E7A4F7556}") = "CashRegister.WebApi", "..\CashRegister.WebApi\CashRegister.WebApi.csproj", "{965B6DDA-FDC9-4E15-9F0F-1D6D41C6CD65}"
EndProject
Global
	GlobalSection(SolutionConfigurationPlatforms) = preSolution
		Debug|Any CPU = Debug|Any CPU
		Release|Any CPU = Release|Any CPU
	EndGlobalSection
	GlobalSection(ProjectConfigurationPlatforms) = postSolution
		{095A018B-BDC4-4366-94C6-F8DF87A11F5A}.Debug|Any CPU.ActiveCfg = Debug|Any CPU
		{095A018B-BDC4-4366-94C6-F8DF87A11F5A}.Debug|Any CPU.Build.0 = Debug|Any CPU
		{095A018B-BDC4-4366-94C6-F8DF87A11F5A}.Release|Any CPU.ActiveCfg = Release|Any CPU
		{095A018B-BDC4-4366-94C6-F8DF87A11F5A}.Release|Any CPU.Build.0 = Release|Any CPU
		{9FF91A66-92C5-4215-9407-177C3D07CD0C}.Debug|Any CPU.ActiveCfg = Debug|Any CPU
		{9FF91A66-92C5-4215-9407-177C3D07CD0C}.Debug|Any CPU.Build.0 = Debug|Any CPU
		{9FF91A66-92C5-4215-9407-177C3D07CD0C}.Release|Any CPU.ActiveCfg = Release|Any CPU
		{9FF91A66-92C5-4215-9407-177C3D07CD0C}.Release|Any CPU.Build.0 = Release|Any CPU
		{965B6DDA-FDC9-4E15-9F0F-1D6D41C6CD65}.Debug|Any CPU.ActiveCfg = Debug|Any CPU
		{965B6DDA-FDC9-4E15-9F0F-1D6D41C6CD65}.Debug|Any CPU.Build.0 = Debug|Any CPU
		{965B6DDA-FDC9-4E15-9F0F-1D6D41C6CD65}.Release|Any CPU.ActiveCfg = Release|Any CPU
		{965B6DDA-FDC9-4E15-9F0F-1D6D41C6CD65}.Release|Any CPU.Build.0 = Release|Any CPU
	EndGlobalSection
	GlobalSection(SolutionProperties) = preSolution
		HideSolutionNode = FALSE
	EndGlobalSection
	GlobalSection(ExtensibilityGlobals) = postSolution
		SolutionGuid = {34552778-78D3-41E5-B72A-FAEFAC5BACF0}
	EndGlobalSection
EndGlobal
